
Microsoft Visual Studio Solution File, Format Version 12.00
Project("{FAE04EC0-301F-11D3-BF4B-00C04F79EFBC}") = "HxFood.Api", "HxFood.Api\HxFood.Api.csproj", "{5ED66650-3243-47CD-A91D-9E3FE2E2C4BF}"
EndProject
Global
	GlobalSection(SolutionConfigurationPlatforms) = preSolution
		Debug|Any CPU = Debug|Any CPU
		Release|Any CPU = Release|Any CPU
	EndGlobalSection
	GlobalSection(ProjectConfigurationPlatforms) = postSolution
		{5ED66650-3243-47CD-A91D-9E3FE2E2C4BF}.Debug|Any CPU.ActiveCfg = Debug|Any CPU
		{5ED66650-3243-47CD-A91D-9E3FE2E2C4BF}.Debug|Any CPU.Build.0 = Debug|Any CPU
		{5ED66650-3243-47CD-A91D-9E3FE2E2C4BF}.Release|Any CPU.ActiveCfg = Release|Any CPU
		{5ED66650-3243-47CD-A91D-9E3FE2E2C4BF}.Release|Any CPU.Build.0 = Release|Any CPU
	EndGlobalSection
EndGlobal
